
Microsoft Visual Studio Solution File, Format Version 12.00
# Visual Studio Version 17
VisualStudioVersion = 17.14.36414.22 d17.14
MinimumVisualStudioVersion = 10.0.40219.1
Project("{FAE04EC0-301F-11D3-BF4B-00C04F79EFBC}") = "FullServiceStatesImplementation", "FullServiceStatesImplementation.csproj", "{32242547-0F8F-4517-9AA5-311B709164FE}"
EndProject
Global
	GlobalSection(SolutionConfigurationPlatforms) = preSolution
		Debug|Any CPU = Debug|Any CPU
		Release|Any CPU = Release|Any CPU
	EndGlobalSection
	GlobalSection(ProjectConfigurationPlatforms) = postSolution
		{32242547-0F8F-4517-9AA5-311B709164FE}.Debug|Any CPU.ActiveCfg = Debug|Any CPU
		{32242547-0F8F-4517-9AA5-311B709164FE}.Debug|Any CPU.Build.0 = Debug|Any CPU
		{32242547-0F8F-4517-9AA5-311B709164FE}.Release|Any CPU.ActiveCfg = Release|Any CPU
		{32242547-0F8F-4517-9AA5-311B709164FE}.Release|Any CPU.Build.0 = Release|Any CPU
	EndGlobalSection
	GlobalSection(SolutionProperties) = preSolution
		HideSolutionNode = FALSE
	EndGlobalSection
	GlobalSection(ExtensibilityGlobals) = postSolution
		SolutionGuid = {4DFF4CA5-82FE-44A9-8FFE-2C209B733388}
	EndGlobalSection
EndGlobal
