
Microsoft Visual Studio Solution File, Format Version 12.00
# Visual Studio Version 17
VisualStudioVersion = 17.14.36429.23 d17.14
MinimumVisualStudioVersion = 10.0.40219.1
Project("{FAE04EC0-301F-11D3-BF4B-00C04F79EFBC}") = "MyFirstWorkerService", "MyFirstWorkerService.csproj", "{72C72E2E-B8DB-4412-AE18-A07AD194F718}"
EndProject
Global
	GlobalSection(SolutionConfigurationPlatforms) = preSolution
		Debug|Any CPU = Debug|Any CPU
		Release|Any CPU = Release|Any CPU
	EndGlobalSection
	GlobalSection(ProjectConfigurationPlatforms) = postSolution
		{72C72E2E-B8DB-4412-AE18-A07AD194F718}.Debug|Any CPU.ActiveCfg = Debug|Any CPU
		{72C72E2E-B8DB-4412-AE18-A07AD194F718}.Debug|Any CPU.Build.0 = Debug|Any CPU
		{72C72E2E-B8DB-4412-AE18-A07AD194F718}.Release|Any CPU.ActiveCfg = Release|Any CPU
		{72C72E2E-B8DB-4412-AE18-A07AD194F718}.Release|Any CPU.Build.0 = Release|Any CPU
	EndGlobalSection
	GlobalSection(SolutionProperties) = preSolution
		HideSolutionNode = FALSE
	EndGlobalSection
	GlobalSection(ExtensibilityGlobals) = postSolution
		SolutionGuid = {E16B5573-F634-4B66-830A-E688F20C9AC3}
	EndGlobalSection
EndGlobal
